
Microsoft Visual Studio Solution File, Format Version 12.00
# Visual Studio 2012
Project("{2150E333-8FDC-42A3-9474-1A3956D46DE8}") = "01Services", "01Services", "{BC1A8AA8-0197-490F-801D-A3C0CA08844E}"
EndProject
Project("{2150E333-8FDC-42A3-9474-1A3956D46DE8}") = "02Domain", "02Domain", "{6FD6E844-7A5F-4890-9C0F-5223DC481C91}"
EndProject
Project("{2150E333-8FDC-42A3-9474-1A3956D46DE8}") = "02Infraestructura", "02Infraestructura", "{C5CB1DAC-D169-48BF-A4B6-9413D8505045}"
EndProject
Project("{FAE04EC0-301F-11D3-BF4B-00C04F79EFBC}") = "Cotizacion", "Cotizacion\Cotizacion.csproj", "{BDE21B13-15E4-4377-9D31-2CCDC35A3446}"
EndProject
Project("{FAE04EC0-301F-11D3-BF4B-00C04F79EFBC}") = "RestFullApp", "RestFullApp\RestFullApp.csproj", "{C1417571-E5B9-429F-91E3-98FD09B52616}"
EndProject
Project("{FAE04EC0-301F-11D3-BF4B-00C04F79EFBC}") = "RestFullApp.Tests", "RestFullApp.Tests\RestFullApp.Tests.csproj", "{F820E98C-5176-480A-97ED-14C467B833B9}"
EndProject
Project("{F088123C-0E9E-452A-89E6-6BA2F21D5CAC}") = "Documentos", "Documentos\Documentos.modelproj", "{D3A8B32A-4138-4AD6-BF90-EFA0FF370CC2}"
EndProject
Project("{FAE04EC0-301F-11D3-BF4B-00C04F79EFBC}") = "DocumentosLib", "DocumentosLib\DocumentosLib.csproj", "{2C856DF3-8C7C-454D-87D6-73D820D7B90D}"
EndProject
Project("{FAE04EC0-301F-11D3-BF4B-00C04F79EFBC}") = "WebApplication1", "WebApplication1\WebApplication1.csproj", "{3EBF4C8A-435F-4F28-B771-2BA0F81A245F}"
EndProject
Project("{FAE04EC0-301F-11D3-BF4B-00C04F79EFBC}") = "Modelo", "Modelo\Modelo.csproj", "{FA6FE202-52B7-4877-BDA2-133095C452B7}"
EndProject
Project("{FAE04EC0-301F-11D3-BF4B-00C04F79EFBC}") = "Users", "Users\Users.csproj", "{B3F23B03-A70F-416D-8922-EBCAF5F3BABB}"
EndProject
Global
	GlobalSection(SolutionConfigurationPlatforms) = preSolution
		Debug|Any CPU = Debug|Any CPU
		Release|Any CPU = Release|Any CPU
	EndGlobalSection
	GlobalSection(ProjectConfigurationPlatforms) = postSolution
		{BDE21B13-15E4-4377-9D31-2CCDC35A3446}.Debug|Any CPU.ActiveCfg = Debug|Any CPU
		{BDE21B13-15E4-4377-9D31-2CCDC35A3446}.Debug|Any CPU.Build.0 = Debug|Any CPU
		{BDE21B13-15E4-4377-9D31-2CCDC35A3446}.Release|Any CPU.ActiveCfg = Release|Any CPU
		{BDE21B13-15E4-4377-9D31-2CCDC35A3446}.Release|Any CPU.Build.0 = Release|Any CPU
		{C1417571-E5B9-429F-91E3-98FD09B52616}.Debug|Any CPU.ActiveCfg = Debug|Any CPU
		{C1417571-E5B9-429F-91E3-98FD09B52616}.Debug|Any CPU.Build.0 = Debug|Any CPU
		{C1417571-E5B9-429F-91E3-98FD09B52616}.Release|Any CPU.ActiveCfg = Release|Any CPU
		{C1417571-E5B9-429F-91E3-98FD09B52616}.Release|Any CPU.Build.0 = Release|Any CPU
		{F820E98C-5176-480A-97ED-14C467B833B9}.Debug|Any CPU.ActiveCfg = Debug|Any CPU
		{F820E98C-5176-480A-97ED-14C467B833B9}.Debug|Any CPU.Build.0 = Debug|Any CPU
		{F820E98C-5176-480A-97ED-14C467B833B9}.Release|Any CPU.ActiveCfg = Release|Any CPU
		{F820E98C-5176-480A-97ED-14C467B833B9}.Release|Any CPU.Build.0 = Release|Any CPU
		{D3A8B32A-4138-4AD6-BF90-EFA0FF370CC2}.Debug|Any CPU.ActiveCfg = Debug|Any CPU
		{D3A8B32A-4138-4AD6-BF90-EFA0FF370CC2}.Debug|Any CPU.Build.0 = Debug|Any CPU
		{D3A8B32A-4138-4AD6-BF90-EFA0FF370CC2}.Release|Any CPU.ActiveCfg = Release|Any CPU
		{D3A8B32A-4138-4AD6-BF90-EFA0FF370CC2}.Release|Any CPU.Build.0 = Release|Any CPU
		{2C856DF3-8C7C-454D-87D6-73D820D7B90D}.Debug|Any CPU.ActiveCfg = Debug|Any CPU
		{2C856DF3-8C7C-454D-87D6-73D820D7B90D}.Debug|Any CPU.Build.0 = Debug|Any CPU
		{2C856DF3-8C7C-454D-87D6-73D820D7B90D}.Release|Any CPU.ActiveCfg = Release|Any CPU
		{2C856DF3-8C7C-454D-87D6-73D820D7B90D}.Release|Any CPU.Build.0 = Release|Any CPU
		{3EBF4C8A-435F-4F28-B771-2BA0F81A245F}.Debug|Any CPU.ActiveCfg = Debug|Any CPU
		{3EBF4C8A-435F-4F28-B771-2BA0F81A245F}.Debug|Any CPU.Build.0 = Debug|Any CPU
		{3EBF4C8A-435F-4F28-B771-2BA0F81A245F}.Release|Any CPU.ActiveCfg = Release|Any CPU
		{3EBF4C8A-435F-4F28-B771-2BA0F81A245F}.Release|Any CPU.Build.0 = Release|Any CPU
		{FA6FE202-52B7-4877-BDA2-133095C452B7}.Debug|Any CPU.ActiveCfg = Debug|Any CPU
		{FA6FE202-52B7-4877-BDA2-133095C452B7}.Debug|Any CPU.Build.0 = Debug|Any CPU
		{FA6FE202-52B7-4877-BDA2-133095C452B7}.Release|Any CPU.ActiveCfg = Release|Any CPU
		{FA6FE202-52B7-4877-BDA2-133095C452B7}.Release|Any CPU.Build.0 = Release|Any CPU
		{B3F23B03-A70F-416D-8922-EBCAF5F3BABB}.Debug|Any CPU.ActiveCfg = Debug|Any CPU
		{B3F23B03-A70F-416D-8922-EBCAF5F3BABB}.Debug|Any CPU.Build.0 = Debug|Any CPU
		{B3F23B03-A70F-416D-8922-EBCAF5F3BABB}.Release|Any CPU.ActiveCfg = Release|Any CPU
		{B3F23B03-A70F-416D-8922-EBCAF5F3BABB}.Release|Any CPU.Build.0 = Release|Any CPU
	EndGlobalSection
	GlobalSection(SolutionProperties) = preSolution
		HideSolutionNode = FALSE
	EndGlobalSection
	GlobalSection(NestedProjects) = preSolution
		{C1417571-E5B9-429F-91E3-98FD09B52616} = {BC1A8AA8-0197-490F-801D-A3C0CA08844E}
		{F820E98C-5176-480A-97ED-14C467B833B9} = {BC1A8AA8-0197-490F-801D-A3C0CA08844E}
		{3EBF4C8A-435F-4F28-B771-2BA0F81A245F} = {BC1A8AA8-0197-490F-801D-A3C0CA08844E}
		{BDE21B13-15E4-4377-9D31-2CCDC35A3446} = {6FD6E844-7A5F-4890-9C0F-5223DC481C91}
		{B3F23B03-A70F-416D-8922-EBCAF5F3BABB} = {6FD6E844-7A5F-4890-9C0F-5223DC481C91}
		{FA6FE202-52B7-4877-BDA2-133095C452B7} = {C5CB1DAC-D169-48BF-A4B6-9413D8505045}
	EndGlobalSection
EndGlobal
